
Microsoft Visual Studio Solution File, Format Version 12.00
# Visual Studio 15
VisualStudioVersion = 15.0.26730.16
MinimumVisualStudioVersion = 10.0.40219.1
Project("{9A19103F-16F7-4668-BE54-9A1E7A4F7556}") = "LearningSystem.Web", "LearningSystem.Web\LearningSystem.Web.csproj", "{03C1E922-1F2E-4032-BA04-6FC97DCC3AB1}"
EndProject
Project("{9A19103F-16F7-4668-BE54-9A1E7A4F7556}") = "LearningSystem.Data", "LearningSystem.Data\LearningSystem.Data.csproj", "{84F406AA-50F1-41D0-83F8-F761DEBC4B4F}"
EndProject
Project("{9A19103F-16F7-4668-BE54-9A1E7A4F7556}") = "LearningSystem.Services", "LearningSystem.Services\LearningSystem.Services.csproj", "{705A6D16-BFED-4EBB-A355-449F213F152D}"
EndProject
Project("{9A19103F-16F7-4668-BE54-9A1E7A4F7556}") = "LearningSystem.Common", "LearningSystem.Common\LearningSystem.Common.csproj", "{B7F367C7-5F03-4CC5-9279-BF2727D9BBF5}"
EndProject
Project("{FAE04EC0-301F-11D3-BF4B-00C04F79EFBC}") = "LearningSystem.Test", "LearningSystem.Test\LearningSystem.Test.csproj", "{67386C64-201C-496D-B026-7CFA3A1BC949}"
EndProject
Global
	GlobalSection(SolutionConfigurationPlatforms) = preSolution
		Debug|Any CPU = Debug|Any CPU
		Release|Any CPU = Release|Any CPU
	EndGlobalSection
	GlobalSection(ProjectConfigurationPlatforms) = postSolution
		{03C1E922-1F2E-4032-BA04-6FC97DCC3AB1}.Debug|Any CPU.ActiveCfg = Debug|Any CPU
		{03C1E922-1F2E-4032-BA04-6FC97DCC3AB1}.Debug|Any CPU.Build.0 = Debug|Any CPU
		{03C1E922-1F2E-4032-BA04-6FC97DCC3AB1}.Release|Any CPU.ActiveCfg = Release|Any CPU
		{03C1E922-1F2E-4032-BA04-6FC97DCC3AB1}.Release|Any CPU.Build.0 = Release|Any CPU
		{84F406AA-50F1-41D0-83F8-F761DEBC4B4F}.Debug|Any CPU.ActiveCfg = Debug|Any CPU
		{84F406AA-50F1-41D0-83F8-F761DEBC4B4F}.Debug|Any CPU.Build.0 = Debug|Any CPU
		{84F406AA-50F1-41D0-83F8-F761DEBC4B4F}.Release|Any CPU.ActiveCfg = Release|Any CPU
		{84F406AA-50F1-41D0-83F8-F761DEBC4B4F}.Release|Any CPU.Build.0 = Release|Any CPU
		{705A6D16-BFED-4EBB-A355-449F213F152D}.Debug|Any CPU.ActiveCfg = Debug|Any CPU
		{705A6D16-BFED-4EBB-A355-449F213F152D}.Debug|Any CPU.Build.0 = Debug|Any CPU
		{705A6D16-BFED-4EBB-A355-449F213F152D}.Release|Any CPU.ActiveCfg = Release|Any CPU
		{705A6D16-BFED-4EBB-A355-449F213F152D}.Release|Any CPU.Build.0 = Release|Any CPU
		{B7F367C7-5F03-4CC5-9279-BF2727D9BBF5}.Debug|Any CPU.ActiveCfg = Debug|Any CPU
		{B7F367C7-5F03-4CC5-9279-BF2727D9BBF5}.Debug|Any CPU.Build.0 = Debug|Any CPU
		{B7F367C7-5F03-4CC5-9279-BF2727D9BBF5}.Release|Any CPU.ActiveCfg = Release|Any CPU
		{B7F367C7-5F03-4CC5-9279-BF2727D9BBF5}.Release|Any CPU.Build.0 = Release|Any CPU
		{67386C64-201C-496D-B026-7CFA3A1BC949}.Debug|Any CPU.ActiveCfg = Debug|Any CPU
		{67386C64-201C-496D-B026-7CFA3A1BC949}.Debug|Any CPU.Build.0 = Debug|Any CPU
		{67386C64-201C-496D-B026-7CFA3A1BC949}.Release|Any CPU.ActiveCfg = Release|Any CPU
		{67386C64-201C-496D-B026-7CFA3A1BC949}.Release|Any CPU.Build.0 = Release|Any CPU
	EndGlobalSection
	GlobalSection(SolutionProperties) = preSolution
		HideSolutionNode = FALSE
	EndGlobalSection
	GlobalSection(ExtensibilityGlobals) = postSolution
		SolutionGuid = {46A2322B-0F56-4A2C-A99F-DBA82DA6699F}
	EndGlobalSection
EndGlobal
